
Microsoft Visual Studio Solution File, Format Version 12.00
# Visual Studio 15
VisualStudioVersion = 15.0.26124.0
MinimumVisualStudioVersion = 15.0.26124.0
Project("{2150E333-8FDC-42A3-9474-1A3956D46DE8}") = "src", "src", "{145D71D9-A154-465D-BD28-9D05E5EAEB14}"
EndProject
Project("{FAE04EC0-301F-11D3-BF4B-00C04F79EFBC}") = "Business", "src\Business\Business.csproj", "{B063B0C4-3C8C-4B38-969D-00BC1541F759}"
EndProject
Project("{FAE04EC0-301F-11D3-BF4B-00C04F79EFBC}") = "Data", "src\Data\Data.csproj", "{ADD83A3C-BAA0-4A50-B8E3-B794F48D2D0B}"
EndProject
Project("{FAE04EC0-301F-11D3-BF4B-00C04F79EFBC}") = "WebApp", "src\WebApp\WebApp.csproj", "{D2168029-6A7E-4176-B25E-2E60E6FABC0D}"
EndProject
Global
	GlobalSection(SolutionConfigurationPlatforms) = preSolution
		Debug|Any CPU = Debug|Any CPU
		Debug|x64 = Debug|x64
		Debug|x86 = Debug|x86
		Release|Any CPU = Release|Any CPU
		Release|x64 = Release|x64
		Release|x86 = Release|x86
	EndGlobalSection
	GlobalSection(SolutionProperties) = preSolution
		HideSolutionNode = FALSE
	EndGlobalSection
	GlobalSection(ProjectConfigurationPlatforms) = postSolution
		{B063B0C4-3C8C-4B38-969D-00BC1541F759}.Debug|Any CPU.ActiveCfg = Debug|Any CPU
		{B063B0C4-3C8C-4B38-969D-00BC1541F759}.Debug|Any CPU.Build.0 = Debug|Any CPU
		{B063B0C4-3C8C-4B38-969D-00BC1541F759}.Debug|x64.ActiveCfg = Debug|Any CPU
		{B063B0C4-3C8C-4B38-969D-00BC1541F759}.Debug|x64.Build.0 = Debug|Any CPU
		{B063B0C4-3C8C-4B38-969D-00BC1541F759}.Debug|x86.ActiveCfg = Debug|Any CPU
		{B063B0C4-3C8C-4B38-969D-00BC1541F759}.Debug|x86.Build.0 = Debug|Any CPU
		{B063B0C4-3C8C-4B38-969D-00BC1541F759}.Release|Any CPU.ActiveCfg = Release|Any CPU
		{B063B0C4-3C8C-4B38-969D-00BC1541F759}.Release|Any CPU.Build.0 = Release|Any CPU
		{B063B0C4-3C8C-4B38-969D-00BC1541F759}.Release|x64.ActiveCfg = Release|Any CPU
		{B063B0C4-3C8C-4B38-969D-00BC1541F759}.Release|x64.Build.0 = Release|Any CPU
		{B063B0C4-3C8C-4B38-969D-00BC1541F759}.Release|x86.ActiveCfg = Release|Any CPU
		{B063B0C4-3C8C-4B38-969D-00BC1541F759}.Release|x86.Build.0 = Release|Any CPU
		{ADD83A3C-BAA0-4A50-B8E3-B794F48D2D0B}.Debug|Any CPU.ActiveCfg = Debug|Any CPU
		{ADD83A3C-BAA0-4A50-B8E3-B794F48D2D0B}.Debug|Any CPU.Build.0 = Debug|Any CPU
		{ADD83A3C-BAA0-4A50-B8E3-B794F48D2D0B}.Debug|x64.ActiveCfg = Debug|Any CPU
		{ADD83A3C-BAA0-4A50-B8E3-B794F48D2D0B}.Debug|x64.Build.0 = Debug|Any CPU
		{ADD83A3C-BAA0-4A50-B8E3-B794F48D2D0B}.Debug|x86.ActiveCfg = Debug|Any CPU
		{ADD83A3C-BAA0-4A50-B8E3-B794F48D2D0B}.Debug|x86.Build.0 = Debug|Any CPU
		{ADD83A3C-BAA0-4A50-B8E3-B794F48D2D0B}.Release|Any CPU.ActiveCfg = Release|Any CPU
		{ADD83A3C-BAA0-4A50-B8E3-B794F48D2D0B}.Release|Any CPU.Build.0 = Release|Any CPU
		{ADD83A3C-BAA0-4A50-B8E3-B794F48D2D0B}.Release|x64.ActiveCfg = Release|Any CPU
		{ADD83A3C-BAA0-4A50-B8E3-B794F48D2D0B}.Release|x64.Build.0 = Release|Any CPU
		{ADD83A3C-BAA0-4A50-B8E3-B794F48D2D0B}.Release|x86.ActiveCfg = Release|Any CPU
		{ADD83A3C-BAA0-4A50-B8E3-B794F48D2D0B}.Release|x86.Build.0 = Release|Any CPU
		{D2168029-6A7E-4176-B25E-2E60E6FABC0D}.Debug|Any CPU.ActiveCfg = Debug|Any CPU
		{D2168029-6A7E-4176-B25E-2E60E6FABC0D}.Debug|Any CPU.Build.0 = Debug|Any CPU
		{D2168029-6A7E-4176-B25E-2E60E6FABC0D}.Debug|x64.ActiveCfg = Debug|Any CPU
		{D2168029-6A7E-4176-B25E-2E60E6FABC0D}.Debug|x64.Build.0 = Debug|Any CPU
		{D2168029-6A7E-4176-B25E-2E60E6FABC0D}.Debug|x86.ActiveCfg = Debug|Any CPU
		{D2168029-6A7E-4176-B25E-2E60E6FABC0D}.Debug|x86.Build.0 = Debug|Any CPU
		{D2168029-6A7E-4176-B25E-2E60E6FABC0D}.Release|Any CPU.ActiveCfg = Release|Any CPU
		{D2168029-6A7E-4176-B25E-2E60E6FABC0D}.Release|Any CPU.Build.0 = Release|Any CPU
		{D2168029-6A7E-4176-B25E-2E60E6FABC0D}.Release|x64.ActiveCfg = Release|Any CPU
		{D2168029-6A7E-4176-B25E-2E60E6FABC0D}.Release|x64.Build.0 = Release|Any CPU
		{D2168029-6A7E-4176-B25E-2E60E6FABC0D}.Release|x86.ActiveCfg = Release|Any CPU
		{D2168029-6A7E-4176-B25E-2E60E6FABC0D}.Release|x86.Build.0 = Release|Any CPU
	EndGlobalSection
	GlobalSection(NestedProjects) = preSolution
		{B063B0C4-3C8C-4B38-969D-00BC1541F759} = {145D71D9-A154-465D-BD28-9D05E5EAEB14}
		{ADD83A3C-BAA0-4A50-B8E3-B794F48D2D0B} = {145D71D9-A154-465D-BD28-9D05E5EAEB14}
		{D2168029-6A7E-4176-B25E-2E60E6FABC0D} = {145D71D9-A154-465D-BD28-9D05E5EAEB14}
	EndGlobalSection
EndGlobal
